
Microsoft Visual Studio Solution File, Format Version 12.00
# Visual Studio Version 16
VisualStudioVersion = 16.0.31911.196
MinimumVisualStudioVersion = 10.0.40219.1
Project("{FAE04EC0-301F-11D3-BF4B-00C04F79EFBC}") = "MoAuth", "MoAuth\MoAuth.csproj", "{A173A470-581D-4B89-96DD-ABD2BA612F0D}"
EndProject
Project("{9A19103F-16F7-4668-BE54-9A1E7A4F7556}") = "Common", "Common\Common.csproj", "{78236AB7-B03E-4FC0-B5C7-314268977C6A}"
EndProject
Global
	GlobalSection(SolutionConfigurationPlatforms) = preSolution
		Debug|Any CPU = Debug|Any CPU
		Release|Any CPU = Release|Any CPU
	EndGlobalSection
	GlobalSection(ProjectConfigurationPlatforms) = postSolution
		{A173A470-581D-4B89-96DD-ABD2BA612F0D}.Debug|Any CPU.ActiveCfg = Debug|Any CPU
		{A173A470-581D-4B89-96DD-ABD2BA612F0D}.Debug|Any CPU.Build.0 = Debug|Any CPU
		{A173A470-581D-4B89-96DD-ABD2BA612F0D}.Release|Any CPU.ActiveCfg = Release|Any CPU
		{A173A470-581D-4B89-96DD-ABD2BA612F0D}.Release|Any CPU.Build.0 = Release|Any CPU
		{78236AB7-B03E-4FC0-B5C7-314268977C6A}.Debug|Any CPU.ActiveCfg = Debug|Any CPU
		{78236AB7-B03E-4FC0-B5C7-314268977C6A}.Debug|Any CPU.Build.0 = Debug|Any CPU
		{78236AB7-B03E-4FC0-B5C7-314268977C6A}.Release|Any CPU.ActiveCfg = Release|Any CPU
		{78236AB7-B03E-4FC0-B5C7-314268977C6A}.Release|Any CPU.Build.0 = Release|Any CPU
	EndGlobalSection
	GlobalSection(SolutionProperties) = preSolution
		HideSolutionNode = FALSE
	EndGlobalSection
	GlobalSection(ExtensibilityGlobals) = postSolution
		SolutionGuid = {182CAF15-0EFB-449B-ACD1-56B837D956E6}
	EndGlobalSection
EndGlobal
